{
  "footer.copyright": "4249758ee1f27746276832a07db9034884e226e09eb75332a3cae8e029b453e7",
  "footer.privacy": "506ff394621596dd88138642eddfc1e41833b3ae92d95e5c77c94327098abd9a",
  "footer.terms": "4afa55bf7aec7ddc5dfb904271f881be278e7629ce258675bf4b62f460017abb",
  "nav.about": "5d8c71abc527284cd463aa58f3f48098af5ab2f4225a744aa930a4b0e27d7395",
  "nav.contact": "2b5c3d26721ae9c350cf3009318b626f0fc8a90b4a2ac0ca8099c05aa849282e",
  "nav.home": "3a78695388b38b5cceefaf6796b0137877514593543b91af2752d5a17e3d736c",
  "pages.about.description": "d9c4334a8320acbf4ffd4b784001e07a4121f24ca54f4835d6a8779f82dcc8c7",
  "pages.about.team.heading": "72271dec619e07e78216c937312de37b0b08a8d6c4ab85aca7797cd59e66cef1",
  "pages.about.team.lead": "e6da168b6a8b5b5a19b5d0504bc1d3b9413074101e10c8ea6d7891b3cdf49c0d",
  "pages.about.title": "5d8c71abc527284cd463aa58f3f48098af5ab2f4225a744aa930a4b0e27d7395",
  "pages.contact.email": "d9172c43bec620b2f327bc61666c5225489d09ce0341fd2becc3a9889de8531a",
  "pages.contact.phone": "8061108b850fff1d496346448aa0167065564c4cf9a95f6bdffda256a16fd871",
  "pages.contact.title": "727fa290a135e3954a3f804c9ff0f7aff15e5687f89291b6393bdb5736811bb4",
  "pages.home.cta": "983f311018642b0ae60c71253b5735579906d43d260ea926ebe5e815b1c97abb",
  "pages.home.subtitle": "43bd8d56d22b0b30c53d4fe36d01b596168a53a8c5a72152474b86945ff724ba",
  "pages.home.title": "4b662cea4f9936d77f7fe0588db8a9f0617810761f242d75ae5c98b6a1c78fde"
}
